
Microsoft Visual Studio Solution File, Format Version 12.00
# Visual Studio Version 17
VisualStudioVersion = 17.9.34902.65
MinimumVisualStudioVersion = 10.0.40219.1
Project("{FAE04EC0-301F-11D3-BF4B-00C04F79EFBC}") = "CodeBlogAPI", "CodeBlogAPI.csproj", "{7DC490DA-68C8-4267-9215-DD25D83495EF}"
EndProject
Global
	GlobalSection(SolutionConfigurationPlatforms) = preSolution
		Debug|Any CPU = Debug|Any CPU
		Release|Any CPU = Release|Any CPU
	EndGlobalSection
	GlobalSection(ProjectConfigurationPlatforms) = postSolution
		{7DC490DA-68C8-4267-9215-DD25D83495EF}.Debug|Any CPU.ActiveCfg = Debug|Any CPU
		{7DC490DA-68C8-4267-9215-DD25D83495EF}.Debug|Any CPU.Build.0 = Debug|Any CPU
		{7DC490DA-68C8-4267-9215-DD25D83495EF}.Release|Any CPU.ActiveCfg = Release|Any CPU
		{7DC490DA-68C8-4267-9215-DD25D83495EF}.Release|Any CPU.Build.0 = Release|Any CPU
	EndGlobalSection
	GlobalSection(SolutionProperties) = preSolution
		HideSolutionNode = FALSE
	EndGlobalSection
	GlobalSection(ExtensibilityGlobals) = postSolution
		SolutionGuid = {0C61ECA7-D578-4EF8-8C50-3C7EC0FC3E59}
	EndGlobalSection
EndGlobal
